Microsoft Visual Studio Solution File, Format Version 11.00
# Visual Studio 2008

Project("{EE9D5386-BCCF-AEF1-6EDF-C5C967A93DD1}") = "GIT_Test", "Assembly-CSharp.csproj", "{47E458E2-D254-23F0-DF21-BCD9B0043330}"
EndProject
Global
	GlobalSection(SolutionConfigurationPlatforms) = preSolution
		Debug|Any CPU = Debug|Any CPU
		Release|Any CPU = Release|Any CPU
	EndGlobalSection
	GlobalSection(ProjectConfigurationPlatforms) = postSolution
		{47E458E2-D254-23F0-DF21-BCD9B0043330}.Debug|Any CPU.ActiveCfg = Debug|Any CPU
		{47E458E2-D254-23F0-DF21-BCD9B0043330}.Debug|Any CPU.Build.0 = Debug|Any CPU
		{47E458E2-D254-23F0-DF21-BCD9B0043330}.Release|Any CPU.ActiveCfg = Release|Any CPU
		{47E458E2-D254-23F0-DF21-BCD9B0043330}.Release|Any CPU.Build.0 = Release|Any CPU
	EndGlobalSection
	GlobalSection(SolutionProperties) = preSolution
		HideSolutionNode = FALSE
	EndGlobalSection
	GlobalSection(MonoDevelopProperties) = preSolution
		StartupItem = Assembly-CSharp.csproj
	EndGlobalSection
EndGlobal
